PODS:
  - Flutter (1.0.0)
  - payfort_plugin (0.1.8):
    - Flutter
    - PayFortSDK (= 3.0.1)
  - PayFortSDK (3.0.1)

DEPENDENCIES:
  - Flutter (from `Flutter`)
  - payfort_plugin (from `.symlinks/plugins/payfort_plugin/ios`)

SPEC REPOS:
  trunk:
    - PayFortSDK

EXTERNAL SOURCES:
  Flutter:
    :path: Flutter
  payfort_plugin:
    :path: ".symlinks/plugins/payfort_plugin/ios"

SPEC CHECKSUMS:
  Flutter: 0e3d915762c693b495b44d77113d4970485de6ec
  payfort_plugin: a2c6d7ef73f22f56f83c2963ae2baab507eaa319
  PayFortSDK: d129aa07f62396d564ef086f141d740b4d4425fc

PODFILE CHECKSUM: 3b96c78b7f4e28343b8c92158be87173d055636b

COCOAPODS: 1.10.0
